
Microsoft Visual Studio Solution File, Format Version 12.00
# Visual Studio 2013
VisualStudioVersion = 12.0.30723.0
MinimumVisualStudioVersion = 10.0.40219.1
Project("{FAE04EC0-301F-11D3-BF4B-00C04F79EFBC}") = "Acceleratio.SPDG.Generator", "src\Acceleratio.SPDG.Generator\Acceleratio.SPDG.Generator.csproj", "{919B54D3-24BB-4B71-A6B4-AC9FA74339A8}"
EndProject
Project("{FAE04EC0-301F-11D3-BF4B-00C04F79EFBC}") = "Acceleratio.SPDG.UI", "src\Acceleratio.SPDG.UI\Acceleratio.SPDG.UI.csproj", "{1A548AB3-5D2E-44E0-8DAE-4178C4D303C4}"
EndProject
Project("{2150E333-8FDC-42A3-9474-1A3956D46DE8}") = "Solution Items", "Solution Items", "{9203E962-DC3E-42E8-9F36-EADE58D49F37}"
EndProject
Project("{FAE04EC0-301F-11D3-BF4B-00C04F79EFBC}") = "Releases", "releases\Releases.csproj", "{01C79725-604D-4734-A3A2-28B539EFC906}"
EndProject
Global
	GlobalSection(SolutionConfigurationPlatforms) = preSolution
		Debug|Any CPU = Debug|Any CPU
		Release|Any CPU = Release|Any CPU
	EndGlobalSection
	GlobalSection(ProjectConfigurationPlatforms) = postSolution
		{919B54D3-24BB-4B71-A6B4-AC9FA74339A8}.Debug|Any CPU.ActiveCfg = Debug|Any CPU
		{919B54D3-24BB-4B71-A6B4-AC9FA74339A8}.Debug|Any CPU.Build.0 = Debug|Any CPU
		{919B54D3-24BB-4B71-A6B4-AC9FA74339A8}.Release|Any CPU.ActiveCfg = Release|Any CPU
		{919B54D3-24BB-4B71-A6B4-AC9FA74339A8}.Release|Any CPU.Build.0 = Release|Any CPU
		{1A548AB3-5D2E-44E0-8DAE-4178C4D303C4}.Debug|Any CPU.ActiveCfg = Debug|Any CPU
		{1A548AB3-5D2E-44E0-8DAE-4178C4D303C4}.Debug|Any CPU.Build.0 = Debug|Any CPU
		{1A548AB3-5D2E-44E0-8DAE-4178C4D303C4}.Release|Any CPU.ActiveCfg = Release|Any CPU
		{1A548AB3-5D2E-44E0-8DAE-4178C4D303C4}.Release|Any CPU.Build.0 = Release|Any CPU
		{01C79725-604D-4734-A3A2-28B539EFC906}.Debug|Any CPU.ActiveCfg = Debug|Any CPU
		{01C79725-604D-4734-A3A2-28B539EFC906}.Release|Any CPU.ActiveCfg = Release|Any CPU
	EndGlobalSection
	GlobalSection(SolutionProperties) = preSolution
		HideSolutionNode = FALSE
	EndGlobalSection
EndGlobal
