
Microsoft Visual Studio Solution File, Format Version 12.00
# Visual Studio 14
VisualStudioVersion = 14.0.25123.0
MinimumVisualStudioVersion = 10.0.40219.1
Project("{FAE04EC0-301F-11D3-BF4B-00C04F79EFBC}") = "Acceleratio.SPDG.Generator", "Acceleratio.SPDG.Generator\Acceleratio.SPDG.Generator.csproj", "{919B54D3-24BB-4B71-A6B4-AC9FA74339A8}"
EndProject
Project("{FAE04EC0-301F-11D3-BF4B-00C04F79EFBC}") = "Acceleratio.SPDG.UI", "Acceleratio.SPDG.UI\Acceleratio.SPDG.UI.csproj", "{1A548AB3-5D2E-44E0-8DAE-4178C4D303C4}"
	ProjectSection(ProjectDependencies) = postProject
		{5E89033A-131B-4C1C-AFA9-7555CDABF10C} = {5E89033A-131B-4C1C-AFA9-7555CDABF10C}
		{B1EED83B-4C11-4D01-9EC7-244271548F85} = {B1EED83B-4C11-4D01-9EC7-244271548F85}
	EndProjectSection
EndProject
Project("{2150E333-8FDC-42A3-9474-1A3956D46DE8}") = "Solution Items", "Solution Items", "{9203E962-DC3E-42E8-9F36-EADE58D49F37}"
EndProject
Project("{FAE04EC0-301F-11D3-BF4B-00C04F79EFBC}") = "Acceleratio.SPDG.Generator.Server", "Acceleratio.SPDG.Generator.Server\Acceleratio.SPDG.Generator.Server.csproj", "{B1EED83B-4C11-4D01-9EC7-244271548F85}"
EndProject
Project("{FAE04EC0-301F-11D3-BF4B-00C04F79EFBC}") = "Acceleratio.SPDG.Generator.Client", "Acceleratio.SPDG.Generator.Client\Acceleratio.SPDG.Generator.Client.csproj", "{5E89033A-131B-4C1C-AFA9-7555CDABF10C}"
EndProject
Global
	GlobalSection(SolutionConfigurationPlatforms) = preSolution
		Debug|Any CPU = Debug|Any CPU
		Release|Any CPU = Release|Any CPU
	EndGlobalSection
	GlobalSection(ProjectConfigurationPlatforms) = postSolution
		{919B54D3-24BB-4B71-A6B4-AC9FA74339A8}.Debug|Any CPU.ActiveCfg = Debug|Any CPU
		{919B54D3-24BB-4B71-A6B4-AC9FA74339A8}.Debug|Any CPU.Build.0 = Debug|Any CPU
		{919B54D3-24BB-4B71-A6B4-AC9FA74339A8}.Release|Any CPU.ActiveCfg = Release|Any CPU
		{919B54D3-24BB-4B71-A6B4-AC9FA74339A8}.Release|Any CPU.Build.0 = Release|Any CPU
		{1A548AB3-5D2E-44E0-8DAE-4178C4D303C4}.Debug|Any CPU.ActiveCfg = Debug|Any CPU
		{1A548AB3-5D2E-44E0-8DAE-4178C4D303C4}.Debug|Any CPU.Build.0 = Debug|Any CPU
		{1A548AB3-5D2E-44E0-8DAE-4178C4D303C4}.Release|Any CPU.ActiveCfg = Release|Any CPU
		{1A548AB3-5D2E-44E0-8DAE-4178C4D303C4}.Release|Any CPU.Build.0 = Release|Any CPU
		{B1EED83B-4C11-4D01-9EC7-244271548F85}.Debug|Any CPU.ActiveCfg = Debug|Any CPU
		{B1EED83B-4C11-4D01-9EC7-244271548F85}.Debug|Any CPU.Build.0 = Debug|Any CPU
		{B1EED83B-4C11-4D01-9EC7-244271548F85}.Release|Any CPU.ActiveCfg = Release|Any CPU
		{B1EED83B-4C11-4D01-9EC7-244271548F85}.Release|Any CPU.Build.0 = Release|Any CPU
		{5E89033A-131B-4C1C-AFA9-7555CDABF10C}.Debug|Any CPU.ActiveCfg = Debug|Any CPU
		{5E89033A-131B-4C1C-AFA9-7555CDABF10C}.Debug|Any CPU.Build.0 = Debug|Any CPU
		{5E89033A-131B-4C1C-AFA9-7555CDABF10C}.Release|Any CPU.ActiveCfg = Release|Any CPU
		{5E89033A-131B-4C1C-AFA9-7555CDABF10C}.Release|Any CPU.Build.0 = Release|Any CPU
	EndGlobalSection
	GlobalSection(SolutionProperties) = preSolution
		HideSolutionNode = FALSE
	EndGlobalSection
EndGlobal
